
Microsoft Visual Studio Solution File, Format Version 12.00
# Visual Studio Version 16
VisualStudioVersion = 16.0.30011.22
MinimumVisualStudioVersion = 10.0.40219.1
Project("{FAE04EC0-301F-11D3-BF4B-00C04F79EFBC}") = "AzureCosmosSqlAPICRUDOps", "AzureCosmosSqlAPICRUDOps\AzureCosmosSqlAPICRUDOps.csproj", "{3EA0A59A-A2C1-41EF-8E1F-B894B233453F}"
EndProject
Project("{FAE04EC0-301F-11D3-BF4B-00C04F79EFBC}") = "CosmosDbMVC", "CosmosDbMVC\CosmosDbMVC.csproj", "{04459834-FA05-4964-B948-672439AD719F}"
EndProject
Global
	GlobalSection(SolutionConfigurationPlatforms) = preSolution
		Debug|Any CPU = Debug|Any CPU
		Release|Any CPU = Release|Any CPU
	EndGlobalSection
	GlobalSection(ProjectConfigurationPlatforms) = postSolution
		{3EA0A59A-A2C1-41EF-8E1F-B894B233453F}.Debug|Any CPU.ActiveCfg = Debug|Any CPU
		{3EA0A59A-A2C1-41EF-8E1F-B894B233453F}.Debug|Any CPU.Build.0 = Debug|Any CPU
		{3EA0A59A-A2C1-41EF-8E1F-B894B233453F}.Release|Any CPU.ActiveCfg = Release|Any CPU
		{3EA0A59A-A2C1-41EF-8E1F-B894B233453F}.Release|Any CPU.Build.0 = Release|Any CPU
		{04459834-FA05-4964-B948-672439AD719F}.Debug|Any CPU.ActiveCfg = Debug|Any CPU
		{04459834-FA05-4964-B948-672439AD719F}.Debug|Any CPU.Build.0 = Debug|Any CPU
		{04459834-FA05-4964-B948-672439AD719F}.Release|Any CPU.ActiveCfg = Release|Any CPU
		{04459834-FA05-4964-B948-672439AD719F}.Release|Any CPU.Build.0 = Release|Any CPU
	EndGlobalSection
	GlobalSection(SolutionProperties) = preSolution
		HideSolutionNode = FALSE
	EndGlobalSection
	GlobalSection(ExtensibilityGlobals) = postSolution
		SolutionGuid = {8C26FB77-40F4-4BF0-BEDF-38382E45D22D}
	EndGlobalSection
EndGlobal
